
Microsoft Visual Studio Solution File, Format Version 12.00
# Visual Studio Version 17
VisualStudioVersion = 17.8.34330.188
MinimumVisualStudioVersion = 10.0.40219.1
Project("{2150E333-8FDC-42A3-9474-1A3956D46DE8}") = "Services", "Services", "{EDE888BB-E49E-41EE-AB8F-B8D88AC030D8}"
EndProject
Project("{2150E333-8FDC-42A3-9474-1A3956D46DE8}") = "Catalog", "Catalog", "{9423743D-9C39-4025-940B-15C63966D8E9}"
EndProject
Project("{9A19103F-16F7-4668-BE54-9A1E7A4F7556}") = "MDShop.Catalog", "Services\Catalog\MDShop.Catalog\MDShop.Catalog.csproj", "{E50EEF00-C06D-4624-95C6-60880538B551}"
EndProject
Project("{2150E333-8FDC-42A3-9474-1A3956D46DE8}") = "Discount", "Discount", "{E57BCC73-398A-45C2-A6BD-97C355B872FD}"
EndProject
Project("{9A19103F-16F7-4668-BE54-9A1E7A4F7556}") = "MDShop.Discount", "Services\Discount\MDShop.Discount\MDShop.Discount.csproj", "{B308B7F0-FEE0-43DA-9F6F-2199AB9F7CCC}"
EndProject
Project("{2150E333-8FDC-42A3-9474-1A3956D46DE8}") = "Order", "Order", "{6B7FDA2F-5270-46CD-BDDD-7EE9681BDE7D}"
EndProject
Project("{2150E333-8FDC-42A3-9474-1A3956D46DE8}") = "Core", "Core", "{F2048889-B97D-477F-974E-933F23C12D82}"
EndProject
Project("{2150E333-8FDC-42A3-9474-1A3956D46DE8}") = "Infrastructure", "Infrastructure", "{25F21F43-F07F-4A9C-9286-52800F0D6E1E}"
EndProject
Project("{2150E333-8FDC-42A3-9474-1A3956D46DE8}") = "Presentation", "Presentation", "{4B1093DE-3CE6-4BFA-AC16-95F24438A860}"
EndProject
Project("{9A19103F-16F7-4668-BE54-9A1E7A4F7556}") = "MDShop.Order.Domain", "Services\Order\Core\MDShop.Order.Domain\MDShop.Order.Domain.csproj", "{281E8C45-1CE8-4931-9C77-6433C1AAA5F0}"
EndProject
Project("{9A19103F-16F7-4668-BE54-9A1E7A4F7556}") = "MDShop.Order.Application", "Services\Order\Core\MDShop.Order.Application\MDShop.Order.Application.csproj", "{D0A68D70-A738-4248-A983-110EDFC2917E}"
EndProject
Project("{9A19103F-16F7-4668-BE54-9A1E7A4F7556}") = "MDShop.Order.Persistence", "Services\Order\Infrastructure\MDShop.Order.Persistence\MDShop.Order.Persistence.csproj", "{45A9360D-FFEB-4CEF-BCEF-BAEBFAE42991}"
EndProject
Project("{9A19103F-16F7-4668-BE54-9A1E7A4F7556}") = "MDShop.Order.WebApi", "Services\Order\Presentation\MDShop.Order.WebApi\MDShop.Order.WebApi.csproj", "{301B81F9-FEC5-47E0-AA2B-42DAB8800BE9}"
EndProject
Project("{2150E333-8FDC-42A3-9474-1A3956D46DE8}") = "IdentityServer", "IdentityServer", "{AD4AA614-5BE0-4C16-9085-5DCAB19B8A41}"
EndProject
Project("{9A19103F-16F7-4668-BE54-9A1E7A4F7556}") = "MDShope.IdentityServer", "IdentityServer\MDShope.IdentityServer\MDShope.IdentityServer.csproj", "{60CF916C-5102-49E9-8AE0-6AD03C934A8D}"
EndProject
Project("{2150E333-8FDC-42A3-9474-1A3956D46DE8}") = "Requirements", "Requirements", "{F58E2CBF-2ABE-4C2D-891F-9012ECF30933}"
	ProjectSection(SolutionItems) = preProject
		PortainerCMD.txt = PortainerCMD.txt
		PortNumbers.txt = PortNumbers.txt
	EndProjectSection
EndProject
Project("{2150E333-8FDC-42A3-9474-1A3956D46DE8}") = "Cargo", "Cargo", "{C8744756-787A-4D3A-90F8-1B141BAC5E21}"
EndProject
Project("{9A19103F-16F7-4668-BE54-9A1E7A4F7556}") = "MDShop.Cargo.BusinessLayer", "Services\Cargo\MDShop.Cargo.BusinessLayer\MDShop.Cargo.BusinessLayer.csproj", "{D058A480-6300-47F8-9AA4-DCE2B7C5256B}"
EndProject
Project("{9A19103F-16F7-4668-BE54-9A1E7A4F7556}") = "MDShop.Cargo.EntityLayer", "Services\Cargo\MDShop.Cargo.EntityLayer\MDShop.Cargo.EntityLayer.csproj", "{45802CBE-A5B6-49D1-A23B-ABBB25A9DD9C}"
EndProject
Project("{9A19103F-16F7-4668-BE54-9A1E7A4F7556}") = "MDShop.Cargo.DataAccessLayer", "Services\Cargo\MDShop.Cargo.DataAccessLayer\MDShop.Cargo.DataAccessLayer.csproj", "{811D1EE2-209C-4F24-B939-138A1881CBB2}"
EndProject
Project("{9A19103F-16F7-4668-BE54-9A1E7A4F7556}") = "MDShop.Cargo.DtoLayer", "Services\Cargo\MDShop.Cargo.DtoLayer\MDShop.Cargo.DtoLayer.csproj", "{7CBC2E7C-833D-43A7-8371-320B144AF933}"
EndProject
Project("{9A19103F-16F7-4668-BE54-9A1E7A4F7556}") = "MDShop.Cargo.WebApi", "Services\Cargo\MDShop.Cargo.WebApi\MDShop.Cargo.WebApi.csproj", "{54B7E720-CF47-4693-A616-9C530792183B}"
EndProject
Project("{2150E333-8FDC-42A3-9474-1A3956D46DE8}") = "Basket", "Basket", "{8B492945-A7FB-453D-8963-E78A411DBBEC}"
EndProject
Project("{FAE04EC0-301F-11D3-BF4B-00C04F79EFBC}") = "MDShop.Basket", "Services\Basket\MDShop.Basket\MDShop.Basket.csproj", "{D3B7C83C-A739-4148-815F-77B056764D1D}"
EndProject
Project("{2150E333-8FDC-42A3-9474-1A3956D46DE8}") = "Frontends", "Frontends", "{AA95F658-9871-4BDD-8585-ED49926D0192}"
EndProject
Project("{FAE04EC0-301F-11D3-BF4B-00C04F79EFBC}") = "MDShop.WebUI", "Frontends\MDShop.WebUI\MDShop.WebUI.csproj", "{7AF13437-ECDC-4827-9C60-A9939126AE89}"
EndProject
Global
	GlobalSection(SolutionConfigurationPlatforms) = preSolution
		Debug|Any CPU = Debug|Any CPU
		Release|Any CPU = Release|Any CPU
	EndGlobalSection
	GlobalSection(ProjectConfigurationPlatforms) = postSolution
		{E50EEF00-C06D-4624-95C6-60880538B551}.Debug|Any CPU.ActiveCfg = Debug|Any CPU
		{E50EEF00-C06D-4624-95C6-60880538B551}.Debug|Any CPU.Build.0 = Debug|Any CPU
		{E50EEF00-C06D-4624-95C6-60880538B551}.Release|Any CPU.ActiveCfg = Release|Any CPU
		{E50EEF00-C06D-4624-95C6-60880538B551}.Release|Any CPU.Build.0 = Release|Any CPU
		{B308B7F0-FEE0-43DA-9F6F-2199AB9F7CCC}.Debug|Any CPU.ActiveCfg = Debug|Any CPU
		{B308B7F0-FEE0-43DA-9F6F-2199AB9F7CCC}.Debug|Any CPU.Build.0 = Debug|Any CPU
		{B308B7F0-FEE0-43DA-9F6F-2199AB9F7CCC}.Release|Any CPU.ActiveCfg = Release|Any CPU
		{B308B7F0-FEE0-43DA-9F6F-2199AB9F7CCC}.Release|Any CPU.Build.0 = Release|Any CPU
		{281E8C45-1CE8-4931-9C77-6433C1AAA5F0}.Debug|Any CPU.ActiveCfg = Debug|Any CPU
		{281E8C45-1CE8-4931-9C77-6433C1AAA5F0}.Debug|Any CPU.Build.0 = Debug|Any CPU
		{281E8C45-1CE8-4931-9C77-6433C1AAA5F0}.Release|Any CPU.ActiveCfg = Release|Any CPU
		{281E8C45-1CE8-4931-9C77-6433C1AAA5F0}.Release|Any CPU.Build.0 = Release|Any CPU
		{D0A68D70-A738-4248-A983-110EDFC2917E}.Debug|Any CPU.ActiveCfg = Debug|Any CPU
		{D0A68D70-A738-4248-A983-110EDFC2917E}.Debug|Any CPU.Build.0 = Debug|Any CPU
		{D0A68D70-A738-4248-A983-110EDFC2917E}.Release|Any CPU.ActiveCfg = Release|Any CPU
		{D0A68D70-A738-4248-A983-110EDFC2917E}.Release|Any CPU.Build.0 = Release|Any CPU
		{45A9360D-FFEB-4CEF-BCEF-BAEBFAE42991}.Debug|Any CPU.ActiveCfg = Debug|Any CPU
		{45A9360D-FFEB-4CEF-BCEF-BAEBFAE42991}.Debug|Any CPU.Build.0 = Debug|Any CPU
		{45A9360D-FFEB-4CEF-BCEF-BAEBFAE42991}.Release|Any CPU.ActiveCfg = Release|Any CPU
		{45A9360D-FFEB-4CEF-BCEF-BAEBFAE42991}.Release|Any CPU.Build.0 = Release|Any CPU
		{301B81F9-FEC5-47E0-AA2B-42DAB8800BE9}.Debug|Any CPU.ActiveCfg = Debug|Any CPU
		{301B81F9-FEC5-47E0-AA2B-42DAB8800BE9}.Debug|Any CPU.Build.0 = Debug|Any CPU
		{301B81F9-FEC5-47E0-AA2B-42DAB8800BE9}.Release|Any CPU.ActiveCfg = Release|Any CPU
		{301B81F9-FEC5-47E0-AA2B-42DAB8800BE9}.Release|Any CPU.Build.0 = Release|Any CPU
		{60CF916C-5102-49E9-8AE0-6AD03C934A8D}.Debug|Any CPU.ActiveCfg = Debug|Any CPU
		{60CF916C-5102-49E9-8AE0-6AD03C934A8D}.Debug|Any CPU.Build.0 = Debug|Any CPU
		{60CF916C-5102-49E9-8AE0-6AD03C934A8D}.Release|Any CPU.ActiveCfg = Release|Any CPU
		{60CF916C-5102-49E9-8AE0-6AD03C934A8D}.Release|Any CPU.Build.0 = Release|Any CPU
		{D058A480-6300-47F8-9AA4-DCE2B7C5256B}.Debug|Any CPU.ActiveCfg = Debug|Any CPU
		{D058A480-6300-47F8-9AA4-DCE2B7C5256B}.Debug|Any CPU.Build.0 = Debug|Any CPU
		{D058A480-6300-47F8-9AA4-DCE2B7C5256B}.Release|Any CPU.ActiveCfg = Release|Any CPU
		{D058A480-6300-47F8-9AA4-DCE2B7C5256B}.Release|Any CPU.Build.0 = Release|Any CPU
		{45802CBE-A5B6-49D1-A23B-ABBB25A9DD9C}.Debug|Any CPU.ActiveCfg = Debug|Any CPU
		{45802CBE-A5B6-49D1-A23B-ABBB25A9DD9C}.Debug|Any CPU.Build.0 = Debug|Any CPU
		{45802CBE-A5B6-49D1-A23B-ABBB25A9DD9C}.Release|Any CPU.ActiveCfg = Release|Any CPU
		{45802CBE-A5B6-49D1-A23B-ABBB25A9DD9C}.Release|Any CPU.Build.0 = Release|Any CPU
		{811D1EE2-209C-4F24-B939-138A1881CBB2}.Debug|Any CPU.ActiveCfg = Debug|Any CPU
		{811D1EE2-209C-4F24-B939-138A1881CBB2}.Debug|Any CPU.Build.0 = Debug|Any CPU
		{811D1EE2-209C-4F24-B939-138A1881CBB2}.Release|Any CPU.ActiveCfg = Release|Any CPU
		{811D1EE2-209C-4F24-B939-138A1881CBB2}.Release|Any CPU.Build.0 = Release|Any CPU
		{7CBC2E7C-833D-43A7-8371-320B144AF933}.Debug|Any CPU.ActiveCfg = Debug|Any CPU
		{7CBC2E7C-833D-43A7-8371-320B144AF933}.Debug|Any CPU.Build.0 = Debug|Any CPU
		{7CBC2E7C-833D-43A7-8371-320B144AF933}.Release|Any CPU.ActiveCfg = Release|Any CPU
		{7CBC2E7C-833D-43A7-8371-320B144AF933}.Release|Any CPU.Build.0 = Release|Any CPU
		{54B7E720-CF47-4693-A616-9C530792183B}.Debug|Any CPU.ActiveCfg = Debug|Any CPU
		{54B7E720-CF47-4693-A616-9C530792183B}.Debug|Any CPU.Build.0 = Debug|Any CPU
		{54B7E720-CF47-4693-A616-9C530792183B}.Release|Any CPU.ActiveCfg = Release|Any CPU
		{54B7E720-CF47-4693-A616-9C530792183B}.Release|Any CPU.Build.0 = Release|Any CPU
		{D3B7C83C-A739-4148-815F-77B056764D1D}.Debug|Any CPU.ActiveCfg = Debug|Any CPU
		{D3B7C83C-A739-4148-815F-77B056764D1D}.Debug|Any CPU.Build.0 = Debug|Any CPU
		{D3B7C83C-A739-4148-815F-77B056764D1D}.Release|Any CPU.ActiveCfg = Release|Any CPU
		{D3B7C83C-A739-4148-815F-77B056764D1D}.Release|Any CPU.Build.0 = Release|Any CPU
		{7AF13437-ECDC-4827-9C60-A9939126AE89}.Debug|Any CPU.ActiveCfg = Debug|Any CPU
		{7AF13437-ECDC-4827-9C60-A9939126AE89}.Debug|Any CPU.Build.0 = Debug|Any CPU
		{7AF13437-ECDC-4827-9C60-A9939126AE89}.Release|Any CPU.ActiveCfg = Release|Any CPU
		{7AF13437-ECDC-4827-9C60-A9939126AE89}.Release|Any CPU.Build.0 = Release|Any CPU
	EndGlobalSection
	GlobalSection(SolutionProperties) = preSolution
		HideSolutionNode = FALSE
	EndGlobalSection
	GlobalSection(NestedProjects) = preSolution
		{9423743D-9C39-4025-940B-15C63966D8E9} = {EDE888BB-E49E-41EE-AB8F-B8D88AC030D8}
		{E50EEF00-C06D-4624-95C6-60880538B551} = {9423743D-9C39-4025-940B-15C63966D8E9}
		{E57BCC73-398A-45C2-A6BD-97C355B872FD} = {EDE888BB-E49E-41EE-AB8F-B8D88AC030D8}
		{B308B7F0-FEE0-43DA-9F6F-2199AB9F7CCC} = {E57BCC73-398A-45C2-A6BD-97C355B872FD}
		{6B7FDA2F-5270-46CD-BDDD-7EE9681BDE7D} = {EDE888BB-E49E-41EE-AB8F-B8D88AC030D8}
		{F2048889-B97D-477F-974E-933F23C12D82} = {6B7FDA2F-5270-46CD-BDDD-7EE9681BDE7D}
		{25F21F43-F07F-4A9C-9286-52800F0D6E1E} = {6B7FDA2F-5270-46CD-BDDD-7EE9681BDE7D}
		{4B1093DE-3CE6-4BFA-AC16-95F24438A860} = {6B7FDA2F-5270-46CD-BDDD-7EE9681BDE7D}
		{281E8C45-1CE8-4931-9C77-6433C1AAA5F0} = {F2048889-B97D-477F-974E-933F23C12D82}
		{D0A68D70-A738-4248-A983-110EDFC2917E} = {F2048889-B97D-477F-974E-933F23C12D82}
		{45A9360D-FFEB-4CEF-BCEF-BAEBFAE42991} = {25F21F43-F07F-4A9C-9286-52800F0D6E1E}
		{301B81F9-FEC5-47E0-AA2B-42DAB8800BE9} = {4B1093DE-3CE6-4BFA-AC16-95F24438A860}
		{60CF916C-5102-49E9-8AE0-6AD03C934A8D} = {AD4AA614-5BE0-4C16-9085-5DCAB19B8A41}
		{C8744756-787A-4D3A-90F8-1B141BAC5E21} = {EDE888BB-E49E-41EE-AB8F-B8D88AC030D8}
		{D058A480-6300-47F8-9AA4-DCE2B7C5256B} = {C8744756-787A-4D3A-90F8-1B141BAC5E21}
		{45802CBE-A5B6-49D1-A23B-ABBB25A9DD9C} = {C8744756-787A-4D3A-90F8-1B141BAC5E21}
		{811D1EE2-209C-4F24-B939-138A1881CBB2} = {C8744756-787A-4D3A-90F8-1B141BAC5E21}
		{7CBC2E7C-833D-43A7-8371-320B144AF933} = {C8744756-787A-4D3A-90F8-1B141BAC5E21}
		{54B7E720-CF47-4693-A616-9C530792183B} = {C8744756-787A-4D3A-90F8-1B141BAC5E21}
		{8B492945-A7FB-453D-8963-E78A411DBBEC} = {EDE888BB-E49E-41EE-AB8F-B8D88AC030D8}
		{D3B7C83C-A739-4148-815F-77B056764D1D} = {8B492945-A7FB-453D-8963-E78A411DBBEC}
		{7AF13437-ECDC-4827-9C60-A9939126AE89} = {AA95F658-9871-4BDD-8585-ED49926D0192}
	EndGlobalSection
	GlobalSection(ExtensibilityGlobals) = postSolution
		SolutionGuid = {18181648-57D0-4373-AB5D-A1DCD687B10B}
	EndGlobalSection
EndGlobal
